
Microsoft Visual Studio Solution File, Format Version 12.00
# Visual Studio Version 17
VisualStudioVersion = 17.10.35122.118
MinimumVisualStudioVersion = 10.0.40219.1
Project("{9A19103F-16F7-4668-BE54-9A1E7A4F7556}") = "Domain", "Domain\Domain.csproj", "{776784D4-08EC-421A-A6F5-7F9C9981D29F}"
EndProject
Project("{9A19103F-16F7-4668-BE54-9A1E7A4F7556}") = "Infastructure", "Infastructure\Infastructure.csproj", "{9CBF588F-6AE2-4526-B7D0-D5BB5CBF8D48}"
EndProject
Project("{9A19103F-16F7-4668-BE54-9A1E7A4F7556}") = "Applicaion", "Applicaion\Applicaion.csproj", "{227BC45F-8610-4321-B6EA-35C88C0455F8}"
EndProject
Project("{9A19103F-16F7-4668-BE54-9A1E7A4F7556}") = "API", "API\API.csproj", "{86282A3D-27CF-479D-B586-379AEA0B2CCB}"
EndProject
Global
	GlobalSection(SolutionConfigurationPlatforms) = preSolution
		Debug|Any CPU = Debug|Any CPU
		Release|Any CPU = Release|Any CPU
	EndGlobalSection
	GlobalSection(ProjectConfigurationPlatforms) = postSolution
		{776784D4-08EC-421A-A6F5-7F9C9981D29F}.Debug|Any CPU.ActiveCfg = Debug|Any CPU
		{776784D4-08EC-421A-A6F5-7F9C9981D29F}.Debug|Any CPU.Build.0 = Debug|Any CPU
		{776784D4-08EC-421A-A6F5-7F9C9981D29F}.Release|Any CPU.ActiveCfg = Release|Any CPU
		{776784D4-08EC-421A-A6F5-7F9C9981D29F}.Release|Any CPU.Build.0 = Release|Any CPU
		{9CBF588F-6AE2-4526-B7D0-D5BB5CBF8D48}.Debug|Any CPU.ActiveCfg = Debug|Any CPU
		{9CBF588F-6AE2-4526-B7D0-D5BB5CBF8D48}.Debug|Any CPU.Build.0 = Debug|Any CPU
		{9CBF588F-6AE2-4526-B7D0-D5BB5CBF8D48}.Release|Any CPU.ActiveCfg = Release|Any CPU
		{9CBF588F-6AE2-4526-B7D0-D5BB5CBF8D48}.Release|Any CPU.Build.0 = Release|Any CPU
		{227BC45F-8610-4321-B6EA-35C88C0455F8}.Debug|Any CPU.ActiveCfg = Debug|Any CPU
		{227BC45F-8610-4321-B6EA-35C88C0455F8}.Debug|Any CPU.Build.0 = Debug|Any CPU
		{227BC45F-8610-4321-B6EA-35C88C0455F8}.Release|Any CPU.ActiveCfg = Release|Any CPU
		{227BC45F-8610-4321-B6EA-35C88C0455F8}.Release|Any CPU.Build.0 = Release|Any CPU
		{86282A3D-27CF-479D-B586-379AEA0B2CCB}.Debug|Any CPU.ActiveCfg = Debug|Any CPU
		{86282A3D-27CF-479D-B586-379AEA0B2CCB}.Debug|Any CPU.Build.0 = Debug|Any CPU
		{86282A3D-27CF-479D-B586-379AEA0B2CCB}.Release|Any CPU.ActiveCfg = Release|Any CPU
		{86282A3D-27CF-479D-B586-379AEA0B2CCB}.Release|Any CPU.Build.0 = Release|Any CPU
	EndGlobalSection
	GlobalSection(SolutionProperties) = preSolution
		HideSolutionNode = FALSE
	EndGlobalSection
	GlobalSection(ExtensibilityGlobals) = postSolution
		SolutionGuid = {6963C314-CACD-47F9-8822-DF9886594CA5}
	EndGlobalSection
EndGlobal
